
Microsoft Visual Studio Solution File, Format Version 11.00
# Visual Studio 2010
Project("{FAE04EC0-301F-11D3-BF4B-00C04F79EFBC}") = "WebOnDiet", "WebOnDiet\WebOnDiet.csproj", "{4E347522-11FA-4EA8-B4EB-6CA8633C5086}"
EndProject
Project("{FAE04EC0-301F-11D3-BF4B-00C04F79EFBC}") = "WebOnDiet.Tests", "WebOnDiet.Tests\WebOnDiet.Tests.csproj", "{E0AED1D0-2BB4-4AF2-9574-7AF5A0DE1515}"
EndProject
Project("{FAE04EC0-301F-11D3-BF4B-00C04F79EFBC}") = "TestSite", "TestSite\TestSite.csproj", "{A8A855A1-5D24-4F49-A6A4-E840A6DE51F2}"
EndProject
Project("{2150E333-8FDC-42A3-9474-1A3956D46DE8}") = "SolutionItems", "SolutionItems", "{99EC9268-5153-4F36-B1C4-46441FC9FF94}"
	ProjectSection(SolutionItems) = preProject
		SolutionAssemblyInfo.cs = SolutionAssemblyInfo.cs
	EndProjectSection
EndProject
Global
	GlobalSection(SolutionConfigurationPlatforms) = preSolution
		Debug|Any CPU = Debug|Any CPU
		Release|Any CPU = Release|Any CPU
	EndGlobalSection
	GlobalSection(ProjectConfigurationPlatforms) = postSolution
		{4E347522-11FA-4EA8-B4EB-6CA8633C5086}.Debug|Any CPU.ActiveCfg = Debug|Any CPU
		{4E347522-11FA-4EA8-B4EB-6CA8633C5086}.Debug|Any CPU.Build.0 = Debug|Any CPU
		{4E347522-11FA-4EA8-B4EB-6CA8633C5086}.Release|Any CPU.ActiveCfg = Release|Any CPU
		{4E347522-11FA-4EA8-B4EB-6CA8633C5086}.Release|Any CPU.Build.0 = Release|Any CPU
		{E0AED1D0-2BB4-4AF2-9574-7AF5A0DE1515}.Debug|Any CPU.ActiveCfg = Debug|Any CPU
		{E0AED1D0-2BB4-4AF2-9574-7AF5A0DE1515}.Debug|Any CPU.Build.0 = Debug|Any CPU
		{E0AED1D0-2BB4-4AF2-9574-7AF5A0DE1515}.Release|Any CPU.ActiveCfg = Release|Any CPU
		{E0AED1D0-2BB4-4AF2-9574-7AF5A0DE1515}.Release|Any CPU.Build.0 = Release|Any CPU
		{A8A855A1-5D24-4F49-A6A4-E840A6DE51F2}.Debug|Any CPU.ActiveCfg = Debug|Any CPU
		{A8A855A1-5D24-4F49-A6A4-E840A6DE51F2}.Debug|Any CPU.Build.0 = Debug|Any CPU
		{A8A855A1-5D24-4F49-A6A4-E840A6DE51F2}.Release|Any CPU.ActiveCfg = Release|Any CPU
		{A8A855A1-5D24-4F49-A6A4-E840A6DE51F2}.Release|Any CPU.Build.0 = Release|Any CPU
	EndGlobalSection
	GlobalSection(SolutionProperties) = preSolution
		HideSolutionNode = FALSE
	EndGlobalSection
EndGlobal
